
Microsoft Visual Studio Solution File, Format Version 12.00
# Visual Studio 15
Project("{FAE04EC0-301F-11D3-BF4B-00C04F79EFBC}") = "Assembly-CSharp", "Assembly-CSharp.csproj", "{241569CC-48F8-9EBB-CAA6-5D3F35714931}"
EndProject
Project("{FAE04EC0-301F-11D3-BF4B-00C04F79EFBC}") = "Oculus.VR", "Oculus.VR.csproj", "{1C382D31-BD76-0EE4-B574-E0C0DAEE1BE0}"
EndProject
Project("{FAE04EC0-301F-11D3-BF4B-00C04F79EFBC}") = "Assembly-CSharp-Editor", "Assembly-CSharp-Editor.csproj", "{49C3A8CA-B8A6-D358-BBB7-D678334C1246}"
EndProject
Project("{FAE04EC0-301F-11D3-BF4B-00C04F79EFBC}") = "Oculus.VR.Scripts.Editor", "Oculus.VR.Scripts.Editor.csproj", "{80A7C891-284B-B260-F6B9-E0EC8F4FC19B}"
EndProject
Project("{FAE04EC0-301F-11D3-BF4B-00C04F79EFBC}") = "Oculus.VR.Editor", "Oculus.VR.Editor.csproj", "{A4F79E59-CEC1-73CE-86E7-C46BE434A259}"
EndProject
Global
	GlobalSection(SolutionConfigurationPlatforms) = preSolution
		Debug|Any CPU = Debug|Any CPU
		Release|Any CPU = Release|Any CPU
	EndGlobalSection
	GlobalSection(ProjectConfigurationPlatforms) = postSolution
		{241569CC-48F8-9EBB-CAA6-5D3F35714931}.Debug|Any CPU.ActiveCfg = Debug|Any CPU
		{241569CC-48F8-9EBB-CAA6-5D3F35714931}.Debug|Any CPU.Build.0 = Debug|Any CPU
		{241569CC-48F8-9EBB-CAA6-5D3F35714931}.Release|Any CPU.ActiveCfg = Release|Any CPU
		{241569CC-48F8-9EBB-CAA6-5D3F35714931}.Release|Any CPU.Build.0 = Release|Any CPU
		{1C382D31-BD76-0EE4-B574-E0C0DAEE1BE0}.Debug|Any CPU.ActiveCfg = Debug|Any CPU
		{1C382D31-BD76-0EE4-B574-E0C0DAEE1BE0}.Debug|Any CPU.Build.0 = Debug|Any CPU
		{1C382D31-BD76-0EE4-B574-E0C0DAEE1BE0}.Release|Any CPU.ActiveCfg = Release|Any CPU
		{1C382D31-BD76-0EE4-B574-E0C0DAEE1BE0}.Release|Any CPU.Build.0 = Release|Any CPU
		{49C3A8CA-B8A6-D358-BBB7-D678334C1246}.Debug|Any CPU.ActiveCfg = Debug|Any CPU
		{49C3A8CA-B8A6-D358-BBB7-D678334C1246}.Debug|Any CPU.Build.0 = Debug|Any CPU
		{49C3A8CA-B8A6-D358-BBB7-D678334C1246}.Release|Any CPU.ActiveCfg = Release|Any CPU
		{49C3A8CA-B8A6-D358-BBB7-D678334C1246}.Release|Any CPU.Build.0 = Release|Any CPU
		{80A7C891-284B-B260-F6B9-E0EC8F4FC19B}.Debug|Any CPU.ActiveCfg = Debug|Any CPU
		{80A7C891-284B-B260-F6B9-E0EC8F4FC19B}.Debug|Any CPU.Build.0 = Debug|Any CPU
		{80A7C891-284B-B260-F6B9-E0EC8F4FC19B}.Release|Any CPU.ActiveCfg = Release|Any CPU
		{80A7C891-284B-B260-F6B9-E0EC8F4FC19B}.Release|Any CPU.Build.0 = Release|Any CPU
		{A4F79E59-CEC1-73CE-86E7-C46BE434A259}.Debug|Any CPU.ActiveCfg = Debug|Any CPU
		{A4F79E59-CEC1-73CE-86E7-C46BE434A259}.Debug|Any CPU.Build.0 = Debug|Any CPU
		{A4F79E59-CEC1-73CE-86E7-C46BE434A259}.Release|Any CPU.ActiveCfg = Release|Any CPU
		{A4F79E59-CEC1-73CE-86E7-C46BE434A259}.Release|Any CPU.Build.0 = Release|Any CPU
	EndGlobalSection
	GlobalSection(SolutionProperties) = preSolution
		HideSolutionNode = FALSE
	EndGlobalSection
	GlobalSection(MonoDevelopProperties) = preSolution
		StartupItem = Assembly-CSharp.csproj
	EndGlobalSection
EndGlobal
